
Microsoft Visual Studio Solution File, Format Version 12.00
# Visual Studio Version 17
VisualStudioVersion = 17.12.35521.163 d17.12
MinimumVisualStudioVersion = 10.0.40219.1
Project("{FAE04EC0-301F-11D3-BF4B-00C04F79EFBC}") = "CanoeSharingClient", "CanoeSharingClient\CanoeSharingClient.csproj", "{AB61B14A-7B29-4CE3-9FAC-C77C0265E03A}"
EndProject
Project("{FAE04EC0-301F-11D3-BF4B-00C04F79EFBC}") = "CanoeSharin.API", "CanoeSharin.API\CanoeSharin.API.csproj", "{97967466-EE3A-47E7-B315-03BA96DFCBF2}"
EndProject
Global
	GlobalSection(SolutionConfigurationPlatforms) = preSolution
		Debug|Any CPU = Debug|Any CPU
		Release|Any CPU = Release|Any CPU
	EndGlobalSection
	GlobalSection(ProjectConfigurationPlatforms) = postSolution
		{AB61B14A-7B29-4CE3-9FAC-C77C0265E03A}.Debug|Any CPU.ActiveCfg = Debug|Any CPU
		{AB61B14A-7B29-4CE3-9FAC-C77C0265E03A}.Debug|Any CPU.Build.0 = Debug|Any CPU
		{AB61B14A-7B29-4CE3-9FAC-C77C0265E03A}.Release|Any CPU.ActiveCfg = Release|Any CPU
		{AB61B14A-7B29-4CE3-9FAC-C77C0265E03A}.Release|Any CPU.Build.0 = Release|Any CPU
		{97967466-EE3A-47E7-B315-03BA96DFCBF2}.Debug|Any CPU.ActiveCfg = Debug|Any CPU
		{97967466-EE3A-47E7-B315-03BA96DFCBF2}.Debug|Any CPU.Build.0 = Debug|Any CPU
		{97967466-EE3A-47E7-B315-03BA96DFCBF2}.Release|Any CPU.ActiveCfg = Release|Any CPU
		{97967466-EE3A-47E7-B315-03BA96DFCBF2}.Release|Any CPU.Build.0 = Release|Any CPU
	EndGlobalSection
	GlobalSection(SolutionProperties) = preSolution
		HideSolutionNode = FALSE
	EndGlobalSection
EndGlobal
